
Microsoft Visual Studio Solution File, Format Version 12.00
# Visual Studio 15
VisualStudioVersion = 15.0.27703.2035
MinimumVisualStudioVersion = 10.0.40219.1
Project("{FAE04EC0-301F-11D3-BF4B-00C04F79EFBC}") = "MahlerNo2.Viewer", "MahlerNo2.Viewer\MahlerNo2.Viewer.csproj", "{C3850A22-E996-4DC2-A4C7-C141B84CD0DA}"
EndProject
Project("{FAE04EC0-301F-11D3-BF4B-00C04F79EFBC}") = "MahlerNo2.Recorder", "MahlerNo2.Recorder\MahlerNo2.Recorder.csproj", "{D90F2E9D-701A-462D-B8F0-17BCD5E70E68}"
EndProject
Project("{FAE04EC0-301F-11D3-BF4B-00C04F79EFBC}") = "MahlerNo2.Core", "MahlerNo2.Core\MahlerNo2.Core.csproj", "{893A0600-9AC7-4EC4-AB91-1607269672C6}"
EndProject
Project("{FAE04EC0-301F-11D3-BF4B-00C04F79EFBC}") = "MahlerNo2.ConsoleTest", "MahlerNo2.ConsoleTest\MahlerNo2.ConsoleTest.csproj", "{1AC50C83-2A23-455B-90B4-1E131C452E74}"
EndProject
Project("{2150E333-8FDC-42A3-9474-1A3956D46DE8}") = "Test", "Test", "{83F92B2F-8A97-41DE-8707-99774AA62096}"
EndProject
Global
	GlobalSection(SolutionConfigurationPlatforms) = preSolution
		Debug|Any CPU = Debug|Any CPU
		Release|Any CPU = Release|Any CPU
	EndGlobalSection
	GlobalSection(ProjectConfigurationPlatforms) = postSolution
		{C3850A22-E996-4DC2-A4C7-C141B84CD0DA}.Debug|Any CPU.ActiveCfg = Debug|Any CPU
		{C3850A22-E996-4DC2-A4C7-C141B84CD0DA}.Debug|Any CPU.Build.0 = Debug|Any CPU
		{C3850A22-E996-4DC2-A4C7-C141B84CD0DA}.Release|Any CPU.ActiveCfg = Release|Any CPU
		{C3850A22-E996-4DC2-A4C7-C141B84CD0DA}.Release|Any CPU.Build.0 = Release|Any CPU
		{D90F2E9D-701A-462D-B8F0-17BCD5E70E68}.Debug|Any CPU.ActiveCfg = Debug|Any CPU
		{D90F2E9D-701A-462D-B8F0-17BCD5E70E68}.Debug|Any CPU.Build.0 = Debug|Any CPU
		{D90F2E9D-701A-462D-B8F0-17BCD5E70E68}.Release|Any CPU.ActiveCfg = Release|Any CPU
		{D90F2E9D-701A-462D-B8F0-17BCD5E70E68}.Release|Any CPU.Build.0 = Release|Any CPU
		{893A0600-9AC7-4EC4-AB91-1607269672C6}.Debug|Any CPU.ActiveCfg = Debug|Any CPU
		{893A0600-9AC7-4EC4-AB91-1607269672C6}.Debug|Any CPU.Build.0 = Debug|Any CPU
		{893A0600-9AC7-4EC4-AB91-1607269672C6}.Release|Any CPU.ActiveCfg = Release|Any CPU
		{893A0600-9AC7-4EC4-AB91-1607269672C6}.Release|Any CPU.Build.0 = Release|Any CPU
		{1AC50C83-2A23-455B-90B4-1E131C452E74}.Debug|Any CPU.ActiveCfg = Debug|Any CPU
		{1AC50C83-2A23-455B-90B4-1E131C452E74}.Debug|Any CPU.Build.0 = Debug|Any CPU
		{1AC50C83-2A23-455B-90B4-1E131C452E74}.Release|Any CPU.ActiveCfg = Release|Any CPU
		{1AC50C83-2A23-455B-90B4-1E131C452E74}.Release|Any CPU.Build.0 = Release|Any CPU
	EndGlobalSection
	GlobalSection(SolutionProperties) = preSolution
		HideSolutionNode = FALSE
	EndGlobalSection
	GlobalSection(NestedProjects) = preSolution
		{1AC50C83-2A23-455B-90B4-1E131C452E74} = {83F92B2F-8A97-41DE-8707-99774AA62096}
	EndGlobalSection
	GlobalSection(ExtensibilityGlobals) = postSolution
		SolutionGuid = {BED66E5F-60A0-4633-8EC4-3C614D8E6DF7}
	EndGlobalSection
EndGlobal
