
Microsoft Visual Studio Solution File, Format Version 12.00
# Visual Studio Version 16
VisualStudioVersion = 16.0.29102.190
MinimumVisualStudioVersion = 10.0.40219.1
Project("{FAE04EC0-301F-11D3-BF4B-00C04F79EFBC}") = "MahlerNo2.Viewer", "MahlerNo2.Viewer\MahlerNo2.Viewer.csproj", "{C3850A22-E996-4DC2-A4C7-C141B84CD0DA}"
EndProject
Project("{FAE04EC0-301F-11D3-BF4B-00C04F79EFBC}") = "MahlerNo2.Recorder", "MahlerNo2.Recorder\MahlerNo2.Recorder.csproj", "{D90F2E9D-701A-462D-B8F0-17BCD5E70E68}"
EndProject
Project("{FAE04EC0-301F-11D3-BF4B-00C04F79EFBC}") = "MahlerNo2.Core", "MahlerNo2.Core\MahlerNo2.Core.csproj", "{893A0600-9AC7-4EC4-AB91-1607269672C6}"
EndProject
Project("{FAE04EC0-301F-11D3-BF4B-00C04F79EFBC}") = "MahlerNo2.ConsoleTest", "MahlerNo2.ConsoleTest\MahlerNo2.ConsoleTest.csproj", "{1AC50C83-2A23-455B-90B4-1E131C452E74}"
EndProject
Project("{2150E333-8FDC-42A3-9474-1A3956D46DE8}") = "Test", "Test", "{83F92B2F-8A97-41DE-8707-99774AA62096}"
EndProject
Project("{2150E333-8FDC-42A3-9474-1A3956D46DE8}") = "Documents", "Documents", "{8E4D80D2-2044-41AD-92A9-7F456A2BA3AB}"
	ProjectSection(SolutionItems) = preProject
		README.md = README.md
		Document\setup.sql = Document\setup.sql
	EndProjectSection
EndProject
Project("{FAE04EC0-301F-11D3-BF4B-00C04F79EFBC}") = "MahlerNo2.Data", "MahlerNo2.Data\MahlerNo2.Data.csproj", "{CC568B46-1BB5-4DE4-B979-AD8A1BADB15F}"
EndProject
Project("{FAE04EC0-301F-11D3-BF4B-00C04F79EFBC}") = "MahlerNo2.UnitTest", "MahlerNo2.UnitTest\MahlerNo2.UnitTest.csproj", "{8B567AC7-2A0E-41E8-966A-D03B744E4AF8}"
EndProject
Project("{FAE04EC0-301F-11D3-BF4B-00C04F79EFBC}") = "MahlerNo2.BatchDownloader", "MahlerNo2.BatchDownloader\MahlerNo2.BatchDownloader.csproj", "{8442F6EA-E00B-464D-8438-01B559AAEFC1}"
EndProject
Global
	GlobalSection(SolutionConfigurationPlatforms) = preSolution
		Debug|Any CPU = Debug|Any CPU
		Release|Any CPU = Release|Any CPU
	EndGlobalSection
	GlobalSection(ProjectConfigurationPlatforms) = postSolution
		{C3850A22-E996-4DC2-A4C7-C141B84CD0DA}.Debug|Any CPU.ActiveCfg = Debug|Any CPU
		{C3850A22-E996-4DC2-A4C7-C141B84CD0DA}.Debug|Any CPU.Build.0 = Debug|Any CPU
		{C3850A22-E996-4DC2-A4C7-C141B84CD0DA}.Release|Any CPU.ActiveCfg = Release|Any CPU
		{C3850A22-E996-4DC2-A4C7-C141B84CD0DA}.Release|Any CPU.Build.0 = Release|Any CPU
		{D90F2E9D-701A-462D-B8F0-17BCD5E70E68}.Debug|Any CPU.ActiveCfg = Debug|Any CPU
		{D90F2E9D-701A-462D-B8F0-17BCD5E70E68}.Debug|Any CPU.Build.0 = Debug|Any CPU
		{D90F2E9D-701A-462D-B8F0-17BCD5E70E68}.Release|Any CPU.ActiveCfg = Release|Any CPU
		{D90F2E9D-701A-462D-B8F0-17BCD5E70E68}.Release|Any CPU.Build.0 = Release|Any CPU
		{893A0600-9AC7-4EC4-AB91-1607269672C6}.Debug|Any CPU.ActiveCfg = Debug|Any CPU
		{893A0600-9AC7-4EC4-AB91-1607269672C6}.Debug|Any CPU.Build.0 = Debug|Any CPU
		{893A0600-9AC7-4EC4-AB91-1607269672C6}.Release|Any CPU.ActiveCfg = Release|Any CPU
		{893A0600-9AC7-4EC4-AB91-1607269672C6}.Release|Any CPU.Build.0 = Release|Any CPU
		{1AC50C83-2A23-455B-90B4-1E131C452E74}.Debug|Any CPU.ActiveCfg = Debug|Any CPU
		{1AC50C83-2A23-455B-90B4-1E131C452E74}.Debug|Any CPU.Build.0 = Debug|Any CPU
		{1AC50C83-2A23-455B-90B4-1E131C452E74}.Release|Any CPU.ActiveCfg = Release|Any CPU
		{1AC50C83-2A23-455B-90B4-1E131C452E74}.Release|Any CPU.Build.0 = Release|Any CPU
		{CC568B46-1BB5-4DE4-B979-AD8A1BADB15F}.Debug|Any CPU.ActiveCfg = Debug|Any CPU
		{CC568B46-1BB5-4DE4-B979-AD8A1BADB15F}.Debug|Any CPU.Build.0 = Debug|Any CPU
		{CC568B46-1BB5-4DE4-B979-AD8A1BADB15F}.Release|Any CPU.ActiveCfg = Release|Any CPU
		{CC568B46-1BB5-4DE4-B979-AD8A1BADB15F}.Release|Any CPU.Build.0 = Release|Any CPU
		{8B567AC7-2A0E-41E8-966A-D03B744E4AF8}.Debug|Any CPU.ActiveCfg = Debug|Any CPU
		{8B567AC7-2A0E-41E8-966A-D03B744E4AF8}.Debug|Any CPU.Build.0 = Debug|Any CPU
		{8B567AC7-2A0E-41E8-966A-D03B744E4AF8}.Release|Any CPU.ActiveCfg = Release|Any CPU
		{8B567AC7-2A0E-41E8-966A-D03B744E4AF8}.Release|Any CPU.Build.0 = Release|Any CPU
		{8442F6EA-E00B-464D-8438-01B559AAEFC1}.Debug|Any CPU.ActiveCfg = Debug|Any CPU
		{8442F6EA-E00B-464D-8438-01B559AAEFC1}.Debug|Any CPU.Build.0 = Debug|Any CPU
		{8442F6EA-E00B-464D-8438-01B559AAEFC1}.Release|Any CPU.ActiveCfg = Release|Any CPU
		{8442F6EA-E00B-464D-8438-01B559AAEFC1}.Release|Any CPU.Build.0 = Release|Any CPU
	EndGlobalSection
	GlobalSection(SolutionProperties) = preSolution
		HideSolutionNode = FALSE
	EndGlobalSection
	GlobalSection(NestedProjects) = preSolution
		{1AC50C83-2A23-455B-90B4-1E131C452E74} = {83F92B2F-8A97-41DE-8707-99774AA62096}
		{8B567AC7-2A0E-41E8-966A-D03B744E4AF8} = {83F92B2F-8A97-41DE-8707-99774AA62096}
	EndGlobalSection
	GlobalSection(ExtensibilityGlobals) = postSolution
		SolutionGuid = {BED66E5F-60A0-4633-8EC4-3C614D8E6DF7}
	EndGlobalSection
EndGlobal
